
Microsoft Visual Studio Solution File, Format Version 12.00
# Visual Studio Version 17
VisualStudioVersion = 17.5.33414.496
MinimumVisualStudioVersion = 10.0.40219.1
Project("{8BC9CEB8-8B4A-11D0-8D11-00A0C91BC942}") = "STATICMEMBER_105", "STATICMEMBER_105\STATICMEMBER_105.vcxproj", "{3A47584A-3360-4665-8AAC-982F5E44E614}"
EndProject
Project("{8BC9CEB8-8B4A-11D0-8D11-00A0C91BC942}") = "ChainFunction_105", "ChainFunction_105\ChainFunction_105.vcxproj", "{66C5E44C-C192-4093-9B7A-C44197B4A136}"
EndProject
Project("{8BC9CEB8-8B4A-11D0-8D11-00A0C91BC942}") = "destruktor_105", "destruktor_105\destruktor_105.vcxproj", "{96189FB1-55CA-4E44-8466-DFAF5B7A8315}"
EndProject
Project("{8BC9CEB8-8B4A-11D0-8D11-00A0C91BC942}") = "konstruktor_105", "konstruktor_105\konstruktor_105.vcxproj", "{05874D41-AD6C-456B-9E41-C179CF0671D3}"
EndProject
Project("{8BC9CEB8-8B4A-11D0-8D11-00A0C91BC942}") = "mbrStatikfunc_105", "mbrStatikfunc_105\mbrStatikfunc_105.vcxproj", "{9525E3E2-3840-4EC7-BE32-3BEB597E8705}"
EndProject
Global
	GlobalSection(SolutionConfigurationPlatforms) = preSolution
		Debug|x64 = Debug|x64
		Debug|x86 = Debug|x86
		Release|x64 = Release|x64
		Release|x86 = Release|x86
	EndGlobalSection
	GlobalSection(ProjectConfigurationPlatforms) = postSolution
		{3A47584A-3360-4665-8AAC-982F5E44E614}.Debug|x64.ActiveCfg = Debug|x64
		{3A47584A-3360-4665-8AAC-982F5E44E614}.Debug|x64.Build.0 = Debug|x64
		{3A47584A-3360-4665-8AAC-982F5E44E614}.Debug|x86.ActiveCfg = Debug|Win32
		{3A47584A-3360-4665-8AAC-982F5E44E614}.Debug|x86.Build.0 = Debug|Win32
		{3A47584A-3360-4665-8AAC-982F5E44E614}.Release|x64.ActiveCfg = Release|x64
		{3A47584A-3360-4665-8AAC-982F5E44E614}.Release|x64.Build.0 = Release|x64
		{3A47584A-3360-4665-8AAC-982F5E44E614}.Release|x86.ActiveCfg = Release|Win32
		{3A47584A-3360-4665-8AAC-982F5E44E614}.Release|x86.Build.0 = Release|Win32
		{66C5E44C-C192-4093-9B7A-C44197B4A136}.Debug|x64.ActiveCfg = Debug|x64
		{66C5E44C-C192-4093-9B7A-C44197B4A136}.Debug|x64.Build.0 = Debug|x64
		{66C5E44C-C192-4093-9B7A-C44197B4A136}.Debug|x86.ActiveCfg = Debug|Win32
		{66C5E44C-C192-4093-9B7A-C44197B4A136}.Debug|x86.Build.0 = Debug|Win32
		{66C5E44C-C192-4093-9B7A-C44197B4A136}.Release|x64.ActiveCfg = Release|x64
		{66C5E44C-C192-4093-9B7A-C44197B4A136}.Release|x64.Build.0 = Release|x64
		{66C5E44C-C192-4093-9B7A-C44197B4A136}.Release|x86.ActiveCfg = Release|Win32
		{66C5E44C-C192-4093-9B7A-C44197B4A136}.Release|x86.Build.0 = Release|Win32
		{96189FB1-55CA-4E44-8466-DFAF5B7A8315}.Debug|x64.ActiveCfg = Debug|x64
		{96189FB1-55CA-4E44-8466-DFAF5B7A8315}.Debug|x64.Build.0 = Debug|x64
		{96189FB1-55CA-4E44-8466-DFAF5B7A8315}.Debug|x86.ActiveCfg = Debug|Win32
		{96189FB1-55CA-4E44-8466-DFAF5B7A8315}.Debug|x86.Build.0 = Debug|Win32
		{96189FB1-55CA-4E44-8466-DFAF5B7A8315}.Release|x64.ActiveCfg = Release|x64
		{96189FB1-55CA-4E44-8466-DFAF5B7A8315}.Release|x64.Build.0 = Release|x64
		{96189FB1-55CA-4E44-8466-DFAF5B7A8315}.Release|x86.ActiveCfg = Release|Win32
		{96189FB1-55CA-4E44-8466-DFAF5B7A8315}.Release|x86.Build.0 = Release|Win32
		{05874D41-AD6C-456B-9E41-C179CF0671D3}.Debug|x64.ActiveCfg = Debug|x64
		{05874D41-AD6C-456B-9E41-C179CF0671D3}.Debug|x64.Build.0 = Debug|x64
		{05874D41-AD6C-456B-9E41-C179CF0671D3}.Debug|x86.ActiveCfg = Debug|Win32
		{05874D41-AD6C-456B-9E41-C179CF0671D3}.Debug|x86.Build.0 = Debug|Win32
		{05874D41-AD6C-456B-9E41-C179CF0671D3}.Release|x64.ActiveCfg = Release|x64
		{05874D41-AD6C-456B-9E41-C179CF0671D3}.Release|x64.Build.0 = Release|x64
		{05874D41-AD6C-456B-9E41-C179CF0671D3}.Release|x86.ActiveCfg = Release|Win32
		{05874D41-AD6C-456B-9E41-C179CF0671D3}.Release|x86.Build.0 = Release|Win32
		{9525E3E2-3840-4EC7-BE32-3BEB597E8705}.Debug|x64.ActiveCfg = Debug|x64
		{9525E3E2-3840-4EC7-BE32-3BEB597E8705}.Debug|x64.Build.0 = Debug|x64
		{9525E3E2-3840-4EC7-BE32-3BEB597E8705}.Debug|x86.ActiveCfg = Debug|Win32
		{9525E3E2-3840-4EC7-BE32-3BEB597E8705}.Debug|x86.Build.0 = Debug|Win32
		{9525E3E2-3840-4EC7-BE32-3BEB597E8705}.Release|x64.ActiveCfg = Release|x64
		{9525E3E2-3840-4EC7-BE32-3BEB597E8705}.Release|x64.Build.0 = Release|x64
		{9525E3E2-3840-4EC7-BE32-3BEB597E8705}.Release|x86.ActiveCfg = Release|Win32
		{9525E3E2-3840-4EC7-BE32-3BEB597E8705}.Release|x86.Build.0 = Release|Win32
	EndGlobalSection
	GlobalSection(SolutionProperties) = preSolution
		HideSolutionNode = FALSE
	EndGlobalSection
	GlobalSection(ExtensibilityGlobals) = postSolution
		SolutionGuid = {7761D220-B4C0-42F4-AB69-612B4F8F4D2D}
	EndGlobalSection
EndGlobal
